# This file is generated by running "yarn install" inside your project.
# Manual changes might be lost - proceed with caution!

__metadata:
  version: 10
  cacheKey: 10c0

"csv-parser@npm:^3.2.1":
  version: 3.2.1
  resolution: "csv-parser@npm:3.2.1"
  bin:
    csv-parser: bin/csv-parser
  checksum: 10c0/470ad21c9eba57ef24b56b08b2b7d376724987f3774deaaa32b8553620ee861e31f24ee06b456a33bcae37b8c103c70b2de71e6cf04f4cdb856e90ea56e649c2
  languageName: node
  linkType: hard

"root-workspace-0b6124@workspace:.":
  version: 0.0.0-use.local
  resolution: "root-workspace-0b6124@workspace:."
  dependencies:
    csv-parser: "npm:^3.2.1"
  languageName: unknown
  linkType: soft
